
Microsoft Visual Studio Solution File, Format Version 12.00
# Visual Studio Version 16
VisualStudioVersion = 16.0.31229.75
MinimumVisualStudioVersion = 10.0.40219.1
Project("{9A19103F-16F7-4668-BE54-9A1E7A4F7556}") = "SetTime", "SetTime\SetTime.csproj", "{8A0CA265-EB66-4A62-9C92-D8BC11FF4316}"
EndProject
Global
	GlobalSection(SolutionConfigurationPlatforms) = preSolution
		Debug|Any CPU = Debug|Any CPU
		Release|Any CPU = Release|Any CPU
	EndGlobalSection
	GlobalSection(ProjectConfigurationPlatforms) = postSolution
		{8A0CA265-EB66-4A62-9C92-D8BC11FF4316}.Debug|Any CPU.ActiveCfg = Debug|Any CPU
		{8A0CA265-EB66-4A62-9C92-D8BC11FF4316}.Debug|Any CPU.Build.0 = Debug|Any CPU
		{8A0CA265-EB66-4A62-9C92-D8BC11FF4316}.Release|Any CPU.ActiveCfg = Release|Any CPU
		{8A0CA265-EB66-4A62-9C92-D8BC11FF4316}.Release|Any CPU.Build.0 = Release|Any CPU
	EndGlobalSection
	GlobalSection(SolutionProperties) = preSolution
		HideSolutionNode = FALSE
	EndGlobalSection
	GlobalSection(ExtensibilityGlobals) = postSolution
		SolutionGuid = {F55F66D7-8C37-4171-9D50-252617987A91}
	EndGlobalSection
EndGlobal
